
Microsoft Visual Studio Solution File, Format Version 12.00
# Visual Studio Version 16
VisualStudioVersion = 16.0.31105.61
MinimumVisualStudioVersion = 10.0.40219.1
Project("{8BC9CEB8-8B4A-11D0-8D11-00A0C91BC942}") = "HW04", "HW04\HW04.vcxproj", "{0A3C5FE9-AE44-4FF4-A72C-D141F17707DF}"
EndProject
Global
	GlobalSection(SolutionConfigurationPlatforms) = preSolution
		Debug|x64 = Debug|x64
		Debug|x86 = Debug|x86
		Release|x64 = Release|x64
		Release|x86 = Release|x86
	EndGlobalSection
	GlobalSection(ProjectConfigurationPlatforms) = postSolution
		{0A3C5FE9-AE44-4FF4-A72C-D141F17707DF}.Debug|x64.ActiveCfg = Debug|x64
		{0A3C5FE9-AE44-4FF4-A72C-D141F17707DF}.Debug|x64.Build.0 = Debug|x64
		{0A3C5FE9-AE44-4FF4-A72C-D141F17707DF}.Debug|x86.ActiveCfg = Debug|Win32
		{0A3C5FE9-AE44-4FF4-A72C-D141F17707DF}.Debug|x86.Build.0 = Debug|Win32
		{0A3C5FE9-AE44-4FF4-A72C-D141F17707DF}.Release|x64.ActiveCfg = Release|x64
		{0A3C5FE9-AE44-4FF4-A72C-D141F17707DF}.Release|x64.Build.0 = Release|x64
		{0A3C5FE9-AE44-4FF4-A72C-D141F17707DF}.Release|x86.ActiveCfg = Release|Win32
		{0A3C5FE9-AE44-4FF4-A72C-D141F17707DF}.Release|x86.Build.0 = Release|Win32
	EndGlobalSection
	GlobalSection(SolutionProperties) = preSolution
		HideSolutionNode = FALSE
	EndGlobalSection
	GlobalSection(ExtensibilityGlobals) = postSolution
		SolutionGuid = {250FD93C-3809-4233-B151-6582AC0D19BD}
	EndGlobalSection
EndGlobal
